PODS:
  - BlocksKit (2.2.5):
    - BlocksKit/All (= 2.2.5)
  - BlocksKit/All (2.2.5):
    - BlocksKit/Core
    - BlocksKit/DynamicDelegate
    - BlocksKit/MessageUI
    - BlocksKit/UIKit
  - BlocksKit/Core (2.2.5)
  - BlocksKit/DynamicDelegate (2.2.5)
  - BlocksKit/MessageUI (2.2.5):
    - BlocksKit/Core
    - BlocksKit/DynamicDelegate
  - BlocksKit/UIKit (2.2.5):
    - BlocksKit/Core
    - BlocksKit/DynamicDelegate
  - CHGMapViewScale (1.0.1):
    - BlocksKit
    - GoogleMaps (< 2.0.0)
  - GoogleMaps (1.13.2)

DEPENDENCIES:
  - CHGMapViewScale (from `../`)

EXTERNAL SOURCES:
  CHGMapViewScale:
    :path: ../

SPEC CHECKSUMS:
  BlocksKit: 7f422b971407001178d181a43b99014ea2591fe6
  CHGMapViewScale: 897957653d9295699dc9c3217774bf089a52b9dc
  GoogleMaps: b20a103ff307f58392e603cf142e59d7e30374c1

PODFILE CHECKSUM: 4d557eeb7fca516b7d4ab4197c184b9eeb79066f

COCOAPODS: 1.2.1
